
Microsoft Visual Studio Solution File, Format Version 12.00
# Visual Studio Version 17
VisualStudioVersion = 17.14.36202.13 d17.14
MinimumVisualStudioVersion = 10.0.40219.1
Project("{FAE04EC0-301F-11D3-BF4B-00C04F79EFBC}") = "SwiftestTest", "SwiftestTest\SwiftestTest.csproj", "{95DB7CB4-7A7D-470A-834A-136A4415EADB}"
EndProject
Global
	GlobalSection(SolutionConfigurationPlatforms) = preSolution
		Debug|Any CPU = Debug|Any CPU
		Release|Any CPU = Release|Any CPU
	EndGlobalSection
	GlobalSection(ProjectConfigurationPlatforms) = postSolution
		{95DB7CB4-7A7D-470A-834A-136A4415EADB}.Debug|Any CPU.ActiveCfg = Debug|Any CPU
		{95DB7CB4-7A7D-470A-834A-136A4415EADB}.Debug|Any CPU.Build.0 = Debug|Any CPU
		{95DB7CB4-7A7D-470A-834A-136A4415EADB}.Release|Any CPU.ActiveCfg = Release|Any CPU
		{95DB7CB4-7A7D-470A-834A-136A4415EADB}.Release|Any CPU.Build.0 = Release|Any CPU
	EndGlobalSection
	GlobalSection(SolutionProperties) = preSolution
		HideSolutionNode = FALSE
	EndGlobalSection
	GlobalSection(ExtensibilityGlobals) = postSolution
		SolutionGuid = {C5128B60-2FBF-4921-96CA-7B5D7FABF4BE}
	EndGlobalSection
EndGlobal
